Microsoft Visual Studio Solution File, Format Version 12.00
# Visual Studio Version 17
VisualStudioVersion = 17.5.2.0
MinimumVisualStudioVersion = 10.0.40219.1
Project("{FAE04EC0-301F-11D3-BF4B-00C04F79EFBC}") = "CellLight", "CellLight.csproj", "{BD157875-5345-0181-060A-3EE34AB8B628}"
EndProject
Global
	GlobalSection(SolutionConfigurationPlatforms) = preSolution
		Debug|Any CPU = Debug|Any CPU
		Release|Any CPU = Release|Any CPU
	EndGlobalSection
	GlobalSection(ProjectConfigurationPlatforms) = postSolution
		{BD157875-5345-0181-060A-3EE34AB8B628}.Debug|Any CPU.ActiveCfg = Debug|Any CPU
		{BD157875-5345-0181-060A-3EE34AB8B628}.Debug|Any CPU.Build.0 = Debug|Any CPU
		{BD157875-5345-0181-060A-3EE34AB8B628}.Release|Any CPU.ActiveCfg = Release|Any CPU
		{BD157875-5345-0181-060A-3EE34AB8B628}.Release|Any CPU.Build.0 = Release|Any CPU
	EndGlobalSection
	GlobalSection(SolutionProperties) = preSolution
		HideSolutionNode = FALSE
	EndGlobalSection
	GlobalSection(ExtensibilityGlobals) = postSolution
		SolutionGuid = {3D99A49F-D230-40D3-BE2D-D649E029A900}
	EndGlobalSection
EndGlobal
